
Microsoft Visual Studio Solution File, Format Version 12.00
# Visual Studio Version 17
VisualStudioVersion = 17.9.34723.18
MinimumVisualStudioVersion = 10.0.40219.1
Project("{FAE04EC0-301F-11D3-BF4B-00C04F79EFBC}") = "MOOP_Lab11", "MOOP_Lab11\MOOP_Lab11.csproj", "{9043EF56-81EB-453E-84B6-278261B2BB33}"
EndProject
Project("{FAE04EC0-301F-11D3-BF4B-00C04F79EFBC}") = "Lab11_Tests", "Lab11_Tests\Lab11_Tests.csproj", "{BB7361EF-3218-4FFB-A139-4AA751958DAC}"
EndProject
Global
	GlobalSection(SolutionConfigurationPlatforms) = preSolution
		Debug|Any CPU = Debug|Any CPU
		Release|Any CPU = Release|Any CPU
	EndGlobalSection
	GlobalSection(ProjectConfigurationPlatforms) = postSolution
		{9043EF56-81EB-453E-84B6-278261B2BB33}.Debug|Any CPU.ActiveCfg = Debug|Any CPU
		{9043EF56-81EB-453E-84B6-278261B2BB33}.Debug|Any CPU.Build.0 = Debug|Any CPU
		{9043EF56-81EB-453E-84B6-278261B2BB33}.Release|Any CPU.ActiveCfg = Release|Any CPU
		{9043EF56-81EB-453E-84B6-278261B2BB33}.Release|Any CPU.Build.0 = Release|Any CPU
		{BB7361EF-3218-4FFB-A139-4AA751958DAC}.Debug|Any CPU.ActiveCfg = Debug|Any CPU
		{BB7361EF-3218-4FFB-A139-4AA751958DAC}.Debug|Any CPU.Build.0 = Debug|Any CPU
		{BB7361EF-3218-4FFB-A139-4AA751958DAC}.Release|Any CPU.ActiveCfg = Release|Any CPU
		{BB7361EF-3218-4FFB-A139-4AA751958DAC}.Release|Any CPU.Build.0 = Release|Any CPU
	EndGlobalSection
	GlobalSection(SolutionProperties) = preSolution
		HideSolutionNode = FALSE
	EndGlobalSection
	GlobalSection(ExtensibilityGlobals) = postSolution
		SolutionGuid = {F7F85998-E97C-4892-842C-AE4493411741}
	EndGlobalSection
EndGlobal
