
Microsoft Visual Studio Solution File, Format Version 12.00
# Visual Studio Version 17
VisualStudioVersion = 17.9.34723.18
MinimumVisualStudioVersion = 10.0.40219.1
Project("{FAE04EC0-301F-11D3-BF4B-00C04F79EFBC}") = "MOOP_Lab11", "MOOP_Lab11\MOOP_Lab11.csproj", "{15E55C4C-F82A-4BAC-887A-0D144EC1ECA7}"
EndProject
Global
	GlobalSection(SolutionConfigurationPlatforms) = preSolution
		Debug|Any CPU = Debug|Any CPU
		Release|Any CPU = Release|Any CPU
	EndGlobalSection
	GlobalSection(ProjectConfigurationPlatforms) = postSolution
		{15E55C4C-F82A-4BAC-887A-0D144EC1ECA7}.Debug|Any CPU.ActiveCfg = Debug|Any CPU
		{15E55C4C-F82A-4BAC-887A-0D144EC1ECA7}.Debug|Any CPU.Build.0 = Debug|Any CPU
		{15E55C4C-F82A-4BAC-887A-0D144EC1ECA7}.Release|Any CPU.ActiveCfg = Release|Any CPU
		{15E55C4C-F82A-4BAC-887A-0D144EC1ECA7}.Release|Any CPU.Build.0 = Release|Any CPU
	EndGlobalSection
	GlobalSection(SolutionProperties) = preSolution
		HideSolutionNode = FALSE
	EndGlobalSection
	GlobalSection(ExtensibilityGlobals) = postSolution
		SolutionGuid = {F7F85998-E97C-4892-842C-AE4493411741}
	EndGlobalSection
EndGlobal
